
Microsoft Visual Studio Solution File, Format Version 12.00
# Visual Studio Version 17
VisualStudioVersion = 17.13.35828.75 d17.13
MinimumVisualStudioVersion = 10.0.40219.1
Project("{FAE04EC0-301F-11D3-BF4B-00C04F79EFBC}") = "GoreUponDismemberment", "GoreUponDismemberment.csproj", "{F2C2D142-2BDC-4C16-BC6D-CECAA9C27FDE}"
EndProject
Global
	GlobalSection(SolutionConfigurationPlatforms) = preSolution
		Debug|Any CPU = Debug|Any CPU
		Release|Any CPU = Release|Any CPU
	EndGlobalSection
	GlobalSection(ProjectConfigurationPlatforms) = postSolution
		{F2C2D142-2BDC-4C16-BC6D-CECAA9C27FDE}.Debug|Any CPU.ActiveCfg = Debug|Any CPU
		{F2C2D142-2BDC-4C16-BC6D-CECAA9C27FDE}.Debug|Any CPU.Build.0 = Debug|Any CPU
		{F2C2D142-2BDC-4C16-BC6D-CECAA9C27FDE}.Release|Any CPU.ActiveCfg = Release|Any CPU
		{F2C2D142-2BDC-4C16-BC6D-CECAA9C27FDE}.Release|Any CPU.Build.0 = Release|Any CPU
	EndGlobalSection
	GlobalSection(SolutionProperties) = preSolution
		HideSolutionNode = FALSE
	EndGlobalSection
	GlobalSection(ExtensibilityGlobals) = postSolution
		SolutionGuid = {10127A62-4CE7-45CF-AB3C-A95442C2DA4F}
	EndGlobalSection
EndGlobal
